
Microsoft Visual Studio Solution File, Format Version 12.00
# Visual Studio Version 16
VisualStudioVersion = 16.0.30621.155
MinimumVisualStudioVersion = 10.0.40219.1
Project("{FAE04EC0-301F-11D3-BF4B-00C04F79EFBC}") = "MVCTestTask", "MVCTestTask\MVCTestTask.csproj", "{8E773F9C-898A-4E23-A29F-E1D1CFF79776}"
EndProject
Global
	GlobalSection(SolutionConfigurationPlatforms) = preSolution
		Debug|Any CPU = Debug|Any CPU
		Release|Any CPU = Release|Any CPU
	EndGlobalSection
	GlobalSection(ProjectConfigurationPlatforms) = postSolution
		{8E773F9C-898A-4E23-A29F-E1D1CFF79776}.Debug|Any CPU.ActiveCfg = Debug|Any CPU
		{8E773F9C-898A-4E23-A29F-E1D1CFF79776}.Debug|Any CPU.Build.0 = Debug|Any CPU
		{8E773F9C-898A-4E23-A29F-E1D1CFF79776}.Release|Any CPU.ActiveCfg = Release|Any CPU
		{8E773F9C-898A-4E23-A29F-E1D1CFF79776}.Release|Any CPU.Build.0 = Release|Any CPU
	EndGlobalSection
	GlobalSection(SolutionProperties) = preSolution
		HideSolutionNode = FALSE
	EndGlobalSection
	GlobalSection(ExtensibilityGlobals) = postSolution
		SolutionGuid = {5CD74C85-C9AB-4D4A-9196-FBADE9B113C7}
	EndGlobalSection
EndGlobal
